name: Refresh uv lock

on:
  push:
    branches:
      - "feat/huice-erp-wms-knowledge-ops"

permissions:
  contents: write

jobs:
  refresh:
    runs-on: ubuntu-latest
    timeout-minutes: 5
    steps:
      - name: Checkout
        uses: actions/checkout@v4
      - name: Setup Python 3.12
        uses: actions/setup-python@v5
        with:
          python-version: "3.12"
      - name: Install uv
        run: pip install --user uv
      - name: Refresh lockfile
        run: uv lock
      - name: Commit lockfile when changed
        run: |
          if git diff --quiet -- uv.lock; then
            echo "uv.lock already current"
            exit 0
          fi
          git config user.name "github-actions[bot]"
          git config user.email "41898282+github-actions[bot]@users.noreply.github.com"
          git add uv.lock
          git commit -m "chore: update uv lock"
          git push origin HEAD:"${GITHUB_REF_NAME}"
